
Microsoft Visual Studio Solution File, Format Version 12.00
# Visual Studio 15
VisualStudioVersion = 15.0.26730.16
MinimumVisualStudioVersion = 10.0.40219.1
Project("{FAE04EC0-301F-11D3-BF4B-00C04F79EFBC}") = "Findwise.Sharepoint.SolutionInstaller", "Findwise.Sharepoint.SolutionInstaller\Findwise.Sharepoint.SolutionInstaller.csproj", "{8B445B1D-C230-4C75-97BA-7CE90FBFF360}"
EndProject
Project("{2150E333-8FDC-42A3-9474-1A3956D46DE8}") = "InstallerModules", "InstallerModules", "{83D64C99-49E9-49D3-B861-94B1CB620A6F}"
EndProject
Project("{FAE04EC0-301F-11D3-BF4B-00C04F79EFBC}") = "DatabaseCreator", "InstallerModules\DatabaseCreator\DatabaseCreator.csproj", "{90C2F5C3-2A04-4C82-8F31-CAA3044B50C9}"
EndProject
Global
	GlobalSection(SolutionConfigurationPlatforms) = preSolution
		Debug|Any CPU = Debug|Any CPU
		Release|Any CPU = Release|Any CPU
	EndGlobalSection
	GlobalSection(ProjectConfigurationPlatforms) = postSolution
		{8B445B1D-C230-4C75-97BA-7CE90FBFF360}.Debug|Any CPU.ActiveCfg = Debug|Any CPU
		{8B445B1D-C230-4C75-97BA-7CE90FBFF360}.Debug|Any CPU.Build.0 = Debug|Any CPU
		{8B445B1D-C230-4C75-97BA-7CE90FBFF360}.Release|Any CPU.ActiveCfg = Release|Any CPU
		{8B445B1D-C230-4C75-97BA-7CE90FBFF360}.Release|Any CPU.Build.0 = Release|Any CPU
		{90C2F5C3-2A04-4C82-8F31-CAA3044B50C9}.Debug|Any CPU.ActiveCfg = Debug|Any CPU
		{90C2F5C3-2A04-4C82-8F31-CAA3044B50C9}.Debug|Any CPU.Build.0 = Debug|Any CPU
		{90C2F5C3-2A04-4C82-8F31-CAA3044B50C9}.Release|Any CPU.ActiveCfg = Release|Any CPU
		{90C2F5C3-2A04-4C82-8F31-CAA3044B50C9}.Release|Any CPU.Build.0 = Release|Any CPU
	EndGlobalSection
	GlobalSection(SolutionProperties) = preSolution
		HideSolutionNode = FALSE
	EndGlobalSection
	GlobalSection(NestedProjects) = preSolution
		{90C2F5C3-2A04-4C82-8F31-CAA3044B50C9} = {83D64C99-49E9-49D3-B861-94B1CB620A6F}
	EndGlobalSection
	GlobalSection(ExtensibilityGlobals) = postSolution
		SolutionGuid = {55B1733E-7791-4B88-A4D8-4D93F1903ABC}
	EndGlobalSection
EndGlobal
