
Microsoft Visual Studio Solution File, Format Version 12.00
# Visual Studio 15
VisualStudioVersion = 15.0.26730.16
MinimumVisualStudioVersion = 10.0.40219.1
Project("{FAE04EC0-301F-11D3-BF4B-00C04F79EFBC}") = "Findwise.Sharepoint.SolutionInstaller", "Findwise.Sharepoint.SolutionInstaller\Findwise.Sharepoint.SolutionInstaller.csproj", "{8B445B1D-C230-4C75-97BA-7CE90FBFF360}"
EndProject
Project("{2150E333-8FDC-42A3-9474-1A3956D46DE8}") = "InstallerModules", "InstallerModules", "{83D64C99-49E9-49D3-B861-94B1CB620A6F}"
EndProject
Project("{FAE04EC0-301F-11D3-BF4B-00C04F79EFBC}") = "DatabaseCreator", "InstallerModules\DatabaseCreator\DatabaseCreator.csproj", "{90C2F5C3-2A04-4C82-8F31-CAA3044B50C9}"
EndProject
Project("{FAE04EC0-301F-11D3-BF4B-00C04F79EFBC}") = "Findwise.Configuration", "..\findwise.configuration\Findwise.Configuration\Findwise.Configuration.csproj", "{576E8A05-E531-43C8-858F-5B58D7B9902C}"
EndProject
Project("{FAE04EC0-301F-11D3-BF4B-00C04F79EFBC}") = "Findwise.PluginManager", "Findwise.PluginManager\Findwise.PluginManager.csproj", "{BBCDDE87-9BF3-42AC-8B2D-7CC54A9C4188}"
EndProject
Project("{FAE04EC0-301F-11D3-BF4B-00C04F79EFBC}") = "SharepointSolutionPackageInstaller", "InstallerModules\SharepointSolutionPackageInstaller\SharepointSolutionPackageInstaller.csproj", "{14334187-8A3F-4C8B-95B0-28B290EA7695}"
EndProject
Project("{FAE04EC0-301F-11D3-BF4B-00C04F79EFBC}") = "SharepointSolutionPackageInstaller.SpSol", "InstallerModules\SharepointSolutionPackageInstaller.SpSol\SharepointSolutionPackageInstaller.SpSol.csproj", "{D177A006-EC8E-479B-B3AA-A738126D08DD}"
EndProject
Project("{FAE04EC0-301F-11D3-BF4B-00C04F79EFBC}") = "CrawlRulesCreator", "InstallerModules\CrawlRulesCreator\CrawlRulesCreator.csproj", "{9CB9F1CC-BB00-4A26-ABBD-E1CF67668634}"
EndProject
Project("{FAE04EC0-301F-11D3-BF4B-00C04F79EFBC}") = "ResultSourceCreator", "InstallerModules\ResultSourceCreator\ResultSourceCreator.csproj", "{F16A19EB-4DEE-49E9-A50E-853F72236121}"
EndProject
Project("{FAE04EC0-301F-11D3-BF4B-00C04F79EFBC}") = "InstallerModule", "InstallerModules\InstallerModule\InstallerModule.csproj", "{B7FB54BC-C86E-4559-B69B-6A0CA7977406}"
EndProject
Project("{FAE04EC0-301F-11D3-BF4B-00C04F79EFBC}") = "ManagedPropertiesCreator", "InstallerModules\ManagedPropertiesCreator\ManagedPropertiesCreator.csproj", "{5B789D08-FFCB-4A60-AE07-0C4F83C32811}"
EndProject
Project("{FAE04EC0-301F-11D3-BF4B-00C04F79EFBC}") = "ContentSourceCreator", "InstallerModules\ContentSourceCreator\ContentSourceCreator.csproj", "{4EB663AA-0BF7-42CD-8316-532F1861C10B}"
EndProject
Project("{FAE04EC0-301F-11D3-BF4B-00C04F79EFBC}") = "ImpactRulesCreator", "InstallerModules\ImpactRulesCreator\ImpactRulesCreator.csproj", "{9E013566-AEBF-48C3-9F3B-C07ECBDBCD32}"
EndProject
Project("{FAE04EC0-301F-11D3-BF4B-00C04F79EFBC}") = "Testing", "Testing\Testing.csproj", "{85801F12-D995-4359-B078-6DA7A010C652}"
EndProject
Project("{FAE04EC0-301F-11D3-BF4B-00C04F79EFBC}") = "Findwise.SolutionInstaller.Core", "Findwise.SolutionInstaller.Core\Findwise.SolutionInstaller.Core.csproj", "{13B1AC91-82FC-49FF-9601-A91D1A7304DE}"
EndProject
Project("{FAE04EC0-301F-11D3-BF4B-00C04F79EFBC}") = "PowershellScriptExecutor", "InstallerModules\PowershellScriptExecutor\PowershellScriptExecutor.csproj", "{C53352FA-8124-4DD9-9305-ECA20DD47843}"
EndProject
Global
	GlobalSection(SolutionConfigurationPlatforms) = preSolution
		Debug|Any CPU = Debug|Any CPU
		Release|Any CPU = Release|Any CPU
	EndGlobalSection
	GlobalSection(ProjectConfigurationPlatforms) = postSolution
		{8B445B1D-C230-4C75-97BA-7CE90FBFF360}.Debug|Any CPU.ActiveCfg = Debug|Any CPU
		{8B445B1D-C230-4C75-97BA-7CE90FBFF360}.Debug|Any CPU.Build.0 = Debug|Any CPU
		{8B445B1D-C230-4C75-97BA-7CE90FBFF360}.Release|Any CPU.ActiveCfg = Release|Any CPU
		{8B445B1D-C230-4C75-97BA-7CE90FBFF360}.Release|Any CPU.Build.0 = Release|Any CPU
		{90C2F5C3-2A04-4C82-8F31-CAA3044B50C9}.Debug|Any CPU.ActiveCfg = Debug|Any CPU
		{90C2F5C3-2A04-4C82-8F31-CAA3044B50C9}.Debug|Any CPU.Build.0 = Debug|Any CPU
		{90C2F5C3-2A04-4C82-8F31-CAA3044B50C9}.Release|Any CPU.ActiveCfg = Release|Any CPU
		{90C2F5C3-2A04-4C82-8F31-CAA3044B50C9}.Release|Any CPU.Build.0 = Release|Any CPU
		{576E8A05-E531-43C8-858F-5B58D7B9902C}.Debug|Any CPU.ActiveCfg = Debug|Any CPU
		{576E8A05-E531-43C8-858F-5B58D7B9902C}.Debug|Any CPU.Build.0 = Debug|Any CPU
		{576E8A05-E531-43C8-858F-5B58D7B9902C}.Release|Any CPU.ActiveCfg = Release|Any CPU
		{576E8A05-E531-43C8-858F-5B58D7B9902C}.Release|Any CPU.Build.0 = Release|Any CPU
		{BBCDDE87-9BF3-42AC-8B2D-7CC54A9C4188}.Debug|Any CPU.ActiveCfg = Debug|Any CPU
		{BBCDDE87-9BF3-42AC-8B2D-7CC54A9C4188}.Debug|Any CPU.Build.0 = Debug|Any CPU
		{BBCDDE87-9BF3-42AC-8B2D-7CC54A9C4188}.Release|Any CPU.ActiveCfg = Release|Any CPU
		{BBCDDE87-9BF3-42AC-8B2D-7CC54A9C4188}.Release|Any CPU.Build.0 = Release|Any CPU
		{14334187-8A3F-4C8B-95B0-28B290EA7695}.Debug|Any CPU.ActiveCfg = Debug|Any CPU
		{14334187-8A3F-4C8B-95B0-28B290EA7695}.Debug|Any CPU.Build.0 = Debug|Any CPU
		{14334187-8A3F-4C8B-95B0-28B290EA7695}.Release|Any CPU.ActiveCfg = Release|Any CPU
		{14334187-8A3F-4C8B-95B0-28B290EA7695}.Release|Any CPU.Build.0 = Release|Any CPU
		{D177A006-EC8E-479B-B3AA-A738126D08DD}.Debug|Any CPU.ActiveCfg = Debug|Any CPU
		{D177A006-EC8E-479B-B3AA-A738126D08DD}.Debug|Any CPU.Build.0 = Debug|Any CPU
		{D177A006-EC8E-479B-B3AA-A738126D08DD}.Debug|Any CPU.Deploy.0 = Debug|Any CPU
		{D177A006-EC8E-479B-B3AA-A738126D08DD}.Release|Any CPU.ActiveCfg = Release|Any CPU
		{D177A006-EC8E-479B-B3AA-A738126D08DD}.Release|Any CPU.Build.0 = Release|Any CPU
		{D177A006-EC8E-479B-B3AA-A738126D08DD}.Release|Any CPU.Deploy.0 = Release|Any CPU
		{9CB9F1CC-BB00-4A26-ABBD-E1CF67668634}.Debug|Any CPU.ActiveCfg = Debug|Any CPU
		{9CB9F1CC-BB00-4A26-ABBD-E1CF67668634}.Debug|Any CPU.Build.0 = Debug|Any CPU
		{9CB9F1CC-BB00-4A26-ABBD-E1CF67668634}.Release|Any CPU.ActiveCfg = Release|Any CPU
		{9CB9F1CC-BB00-4A26-ABBD-E1CF67668634}.Release|Any CPU.Build.0 = Release|Any CPU
		{F16A19EB-4DEE-49E9-A50E-853F72236121}.Debug|Any CPU.ActiveCfg = Debug|Any CPU
		{F16A19EB-4DEE-49E9-A50E-853F72236121}.Debug|Any CPU.Build.0 = Debug|Any CPU
		{F16A19EB-4DEE-49E9-A50E-853F72236121}.Release|Any CPU.ActiveCfg = Release|Any CPU
		{F16A19EB-4DEE-49E9-A50E-853F72236121}.Release|Any CPU.Build.0 = Release|Any CPU
		{B7FB54BC-C86E-4559-B69B-6A0CA7977406}.Debug|Any CPU.ActiveCfg = Debug|Any CPU
		{B7FB54BC-C86E-4559-B69B-6A0CA7977406}.Debug|Any CPU.Build.0 = Debug|Any CPU
		{B7FB54BC-C86E-4559-B69B-6A0CA7977406}.Release|Any CPU.ActiveCfg = Release|Any CPU
		{B7FB54BC-C86E-4559-B69B-6A0CA7977406}.Release|Any CPU.Build.0 = Release|Any CPU
		{5B789D08-FFCB-4A60-AE07-0C4F83C32811}.Debug|Any CPU.ActiveCfg = Debug|Any CPU
		{5B789D08-FFCB-4A60-AE07-0C4F83C32811}.Debug|Any CPU.Build.0 = Debug|Any CPU
		{5B789D08-FFCB-4A60-AE07-0C4F83C32811}.Release|Any CPU.ActiveCfg = Release|Any CPU
		{5B789D08-FFCB-4A60-AE07-0C4F83C32811}.Release|Any CPU.Build.0 = Release|Any CPU
		{4EB663AA-0BF7-42CD-8316-532F1861C10B}.Debug|Any CPU.ActiveCfg = Debug|Any CPU
		{4EB663AA-0BF7-42CD-8316-532F1861C10B}.Debug|Any CPU.Build.0 = Debug|Any CPU
		{4EB663AA-0BF7-42CD-8316-532F1861C10B}.Release|Any CPU.ActiveCfg = Release|Any CPU
		{4EB663AA-0BF7-42CD-8316-532F1861C10B}.Release|Any CPU.Build.0 = Release|Any CPU
		{9E013566-AEBF-48C3-9F3B-C07ECBDBCD32}.Debug|Any CPU.ActiveCfg = Debug|Any CPU
		{9E013566-AEBF-48C3-9F3B-C07ECBDBCD32}.Debug|Any CPU.Build.0 = Debug|Any CPU
		{9E013566-AEBF-48C3-9F3B-C07ECBDBCD32}.Release|Any CPU.ActiveCfg = Release|Any CPU
		{9E013566-AEBF-48C3-9F3B-C07ECBDBCD32}.Release|Any CPU.Build.0 = Release|Any CPU
		{85801F12-D995-4359-B078-6DA7A010C652}.Debug|Any CPU.ActiveCfg = Debug|Any CPU
		{85801F12-D995-4359-B078-6DA7A010C652}.Debug|Any CPU.Build.0 = Debug|Any CPU
		{85801F12-D995-4359-B078-6DA7A010C652}.Release|Any CPU.ActiveCfg = Release|Any CPU
		{85801F12-D995-4359-B078-6DA7A010C652}.Release|Any CPU.Build.0 = Release|Any CPU
		{13B1AC91-82FC-49FF-9601-A91D1A7304DE}.Debug|Any CPU.ActiveCfg = Debug|Any CPU
		{13B1AC91-82FC-49FF-9601-A91D1A7304DE}.Debug|Any CPU.Build.0 = Debug|Any CPU
		{13B1AC91-82FC-49FF-9601-A91D1A7304DE}.Release|Any CPU.ActiveCfg = Release|Any CPU
		{13B1AC91-82FC-49FF-9601-A91D1A7304DE}.Release|Any CPU.Build.0 = Release|Any CPU
		{C53352FA-8124-4DD9-9305-ECA20DD47843}.Debug|Any CPU.ActiveCfg = Debug|Any CPU
		{C53352FA-8124-4DD9-9305-ECA20DD47843}.Debug|Any CPU.Build.0 = Debug|Any CPU
		{C53352FA-8124-4DD9-9305-ECA20DD47843}.Release|Any CPU.ActiveCfg = Release|Any CPU
		{C53352FA-8124-4DD9-9305-ECA20DD47843}.Release|Any CPU.Build.0 = Release|Any CPU
	EndGlobalSection
	GlobalSection(SolutionProperties) = preSolution
		HideSolutionNode = FALSE
	EndGlobalSection
	GlobalSection(NestedProjects) = preSolution
		{90C2F5C3-2A04-4C82-8F31-CAA3044B50C9} = {83D64C99-49E9-49D3-B861-94B1CB620A6F}
		{14334187-8A3F-4C8B-95B0-28B290EA7695} = {83D64C99-49E9-49D3-B861-94B1CB620A6F}
		{D177A006-EC8E-479B-B3AA-A738126D08DD} = {83D64C99-49E9-49D3-B861-94B1CB620A6F}
		{9CB9F1CC-BB00-4A26-ABBD-E1CF67668634} = {83D64C99-49E9-49D3-B861-94B1CB620A6F}
		{F16A19EB-4DEE-49E9-A50E-853F72236121} = {83D64C99-49E9-49D3-B861-94B1CB620A6F}
		{B7FB54BC-C86E-4559-B69B-6A0CA7977406} = {83D64C99-49E9-49D3-B861-94B1CB620A6F}
		{5B789D08-FFCB-4A60-AE07-0C4F83C32811} = {83D64C99-49E9-49D3-B861-94B1CB620A6F}
		{4EB663AA-0BF7-42CD-8316-532F1861C10B} = {83D64C99-49E9-49D3-B861-94B1CB620A6F}
		{9E013566-AEBF-48C3-9F3B-C07ECBDBCD32} = {83D64C99-49E9-49D3-B861-94B1CB620A6F}
		{C53352FA-8124-4DD9-9305-ECA20DD47843} = {83D64C99-49E9-49D3-B861-94B1CB620A6F}
	EndGlobalSection
	GlobalSection(ExtensibilityGlobals) = postSolution
		SolutionGuid = {55B1733E-7791-4B88-A4D8-4D93F1903ABC}
	EndGlobalSection
EndGlobal
